
Microsoft Visual Studio Solution File, Format Version 12.00
# Visual Studio 15
VisualStudioVersion = 15.0.27004.2005
MinimumVisualStudioVersion = 10.0.40219.1
Project("{FAE04EC0-301F-11D3-BF4B-00C04F79EFBC}") = "FirstClass", "FirstClass\FirstClass.csproj", "{9D8B4062-55F9-4F23-95BE-9C3795D3075E}"
EndProject
Project("{FAE04EC0-301F-11D3-BF4B-00C04F79EFBC}") = "Encapsulation", "Encapsulation\Encapsulation.csproj", "{6BE5306D-8793-4259-A737-739ED6166B9C}"
EndProject
Project("{FAE04EC0-301F-11D3-BF4B-00C04F79EFBC}") = "Person", "Person\Person.csproj", "{2EB87C67-3EA8-4AEC-88AC-D3E07FF71DE4}"
EndProject
Project("{FAE04EC0-301F-11D3-BF4B-00C04F79EFBC}") = "Inheritance", "Inheritance\Inheritance.csproj", "{58E89978-ACA8-4418-A857-C7AC9F869E89}"
EndProject
Project("{2150E333-8FDC-42A3-9474-1A3956D46DE8}") = "EncapsulationIntro", "EncapsulationIntro", "{E5C89B6C-D8BF-44B0-9831-E18F2EB470FD}"
EndProject
Project("{2150E333-8FDC-42A3-9474-1A3956D46DE8}") = "InheritanceItro", "InheritanceItro", "{5BABAD3B-1A45-46F5-B39C-1802112FBEB4}"
EndProject
Project("{2150E333-8FDC-42A3-9474-1A3956D46DE8}") = "FirstClassDemo", "FirstClassDemo", "{8B080D63-D15B-4E8A-A6E3-06B73B82EACE}"
EndProject
Project("{2150E333-8FDC-42A3-9474-1A3956D46DE8}") = "Demo", "Demo", "{7D345B06-9C0B-4380-B91C-0334B5348280}"
EndProject
Project("{2150E333-8FDC-42A3-9474-1A3956D46DE8}") = "Polymorphism", "Polymorphism", "{9F3EE917-0286-44D9-A690-70E17B248139}"
EndProject
Project("{2150E333-8FDC-42A3-9474-1A3956D46DE8}") = "CompileTimePolymorphism", "CompileTimePolymorphism", "{3C74C647-A2F6-44A2-AFC3-FC237FA1A174}"
EndProject
Project("{FAE04EC0-301F-11D3-BF4B-00C04F79EFBC}") = "CompileTimeDemo", "CompileTimeDemo\CompileTimeDemo.csproj", "{9345711C-87A9-43FB-A3EE-4F4C1E0C101F}"
EndProject
Global
	GlobalSection(SolutionConfigurationPlatforms) = preSolution
		Debug|Any CPU = Debug|Any CPU
		Release|Any CPU = Release|Any CPU
	EndGlobalSection
	GlobalSection(ProjectConfigurationPlatforms) = postSolution
		{9D8B4062-55F9-4F23-95BE-9C3795D3075E}.Debug|Any CPU.ActiveCfg = Debug|Any CPU
		{9D8B4062-55F9-4F23-95BE-9C3795D3075E}.Debug|Any CPU.Build.0 = Debug|Any CPU
		{9D8B4062-55F9-4F23-95BE-9C3795D3075E}.Release|Any CPU.ActiveCfg = Release|Any CPU
		{9D8B4062-55F9-4F23-95BE-9C3795D3075E}.Release|Any CPU.Build.0 = Release|Any CPU
		{6BE5306D-8793-4259-A737-739ED6166B9C}.Debug|Any CPU.ActiveCfg = Debug|Any CPU
		{6BE5306D-8793-4259-A737-739ED6166B9C}.Debug|Any CPU.Build.0 = Debug|Any CPU
		{6BE5306D-8793-4259-A737-739ED6166B9C}.Release|Any CPU.ActiveCfg = Release|Any CPU
		{6BE5306D-8793-4259-A737-739ED6166B9C}.Release|Any CPU.Build.0 = Release|Any CPU
		{2EB87C67-3EA8-4AEC-88AC-D3E07FF71DE4}.Debug|Any CPU.ActiveCfg = Debug|Any CPU
		{2EB87C67-3EA8-4AEC-88AC-D3E07FF71DE4}.Debug|Any CPU.Build.0 = Debug|Any CPU
		{2EB87C67-3EA8-4AEC-88AC-D3E07FF71DE4}.Release|Any CPU.ActiveCfg = Release|Any CPU
		{2EB87C67-3EA8-4AEC-88AC-D3E07FF71DE4}.Release|Any CPU.Build.0 = Release|Any CPU
		{58E89978-ACA8-4418-A857-C7AC9F869E89}.Debug|Any CPU.ActiveCfg = Debug|Any CPU
		{58E89978-ACA8-4418-A857-C7AC9F869E89}.Debug|Any CPU.Build.0 = Debug|Any CPU
		{58E89978-ACA8-4418-A857-C7AC9F869E89}.Release|Any CPU.ActiveCfg = Release|Any CPU
		{58E89978-ACA8-4418-A857-C7AC9F869E89}.Release|Any CPU.Build.0 = Release|Any CPU
		{9345711C-87A9-43FB-A3EE-4F4C1E0C101F}.Debug|Any CPU.ActiveCfg = Debug|Any CPU
		{9345711C-87A9-43FB-A3EE-4F4C1E0C101F}.Debug|Any CPU.Build.0 = Debug|Any CPU
		{9345711C-87A9-43FB-A3EE-4F4C1E0C101F}.Release|Any CPU.ActiveCfg = Release|Any CPU
		{9345711C-87A9-43FB-A3EE-4F4C1E0C101F}.Release|Any CPU.Build.0 = Release|Any CPU
	EndGlobalSection
	GlobalSection(SolutionProperties) = preSolution
		HideSolutionNode = FALSE
	EndGlobalSection
	GlobalSection(NestedProjects) = preSolution
		{9D8B4062-55F9-4F23-95BE-9C3795D3075E} = {8B080D63-D15B-4E8A-A6E3-06B73B82EACE}
		{6BE5306D-8793-4259-A737-739ED6166B9C} = {E5C89B6C-D8BF-44B0-9831-E18F2EB470FD}
		{2EB87C67-3EA8-4AEC-88AC-D3E07FF71DE4} = {7D345B06-9C0B-4380-B91C-0334B5348280}
		{58E89978-ACA8-4418-A857-C7AC9F869E89} = {5BABAD3B-1A45-46F5-B39C-1802112FBEB4}
		{3C74C647-A2F6-44A2-AFC3-FC237FA1A174} = {9F3EE917-0286-44D9-A690-70E17B248139}
		{9345711C-87A9-43FB-A3EE-4F4C1E0C101F} = {3C74C647-A2F6-44A2-AFC3-FC237FA1A174}
	EndGlobalSection
	GlobalSection(ExtensibilityGlobals) = postSolution
		SolutionGuid = {B0D6867A-D7AA-452B-B3A8-30DAB9225189}
	EndGlobalSection
EndGlobal
